
Microsoft Visual Studio Solution File, Format Version 12.00
# Visual Studio Version 17
VisualStudioVersion = 17.9.34902.65
MinimumVisualStudioVersion = 10.0.40219.1
Project("{FAE04EC0-301F-11D3-BF4B-00C04F79EFBC}") = "LAP 4", "LAP 4\LAP 4.csproj", "{A3A8C839-3CDD-4DE5-89F2-41C2AB54D9E1}"
EndProject
Global
	GlobalSection(SolutionConfigurationPlatforms) = preSolution
		Debug|Any CPU = Debug|Any CPU
		Release|Any CPU = Release|Any CPU
	EndGlobalSection
	GlobalSection(ProjectConfigurationPlatforms) = postSolution
		{A3A8C839-3CDD-4DE5-89F2-41C2AB54D9E1}.Debug|Any CPU.ActiveCfg = Debug|Any CPU
		{A3A8C839-3CDD-4DE5-89F2-41C2AB54D9E1}.Debug|Any CPU.Build.0 = Debug|Any CPU
		{A3A8C839-3CDD-4DE5-89F2-41C2AB54D9E1}.Release|Any CPU.ActiveCfg = Release|Any CPU
		{A3A8C839-3CDD-4DE5-89F2-41C2AB54D9E1}.Release|Any CPU.Build.0 = Release|Any CPU
	EndGlobalSection
	GlobalSection(SolutionProperties) = preSolution
		HideSolutionNode = FALSE
	EndGlobalSection
	GlobalSection(ExtensibilityGlobals) = postSolution
		SolutionGuid = {BCDB02F9-D4BB-4B56-905A-40FB8E243E0B}
	EndGlobalSection
EndGlobal
