
Microsoft Visual Studio Solution File, Format Version 12.00
# Visual Studio Version 17
VisualStudioVersion = 17.9.34902.65
MinimumVisualStudioVersion = 10.0.40219.1
Project("{FAE04EC0-301F-11D3-BF4B-00C04F79EFBC}") = "Lap3", "Lap3\Lap3.csproj", "{4E2E77B8-6E5A-4545-A597-8D9B4B02E759}"
EndProject
Global
	GlobalSection(SolutionConfigurationPlatforms) = preSolution
		Debug|Any CPU = Debug|Any CPU
		Release|Any CPU = Release|Any CPU
	EndGlobalSection
	GlobalSection(ProjectConfigurationPlatforms) = postSolution
		{4E2E77B8-6E5A-4545-A597-8D9B4B02E759}.Debug|Any CPU.ActiveCfg = Debug|Any CPU
		{4E2E77B8-6E5A-4545-A597-8D9B4B02E759}.Debug|Any CPU.Build.0 = Debug|Any CPU
		{4E2E77B8-6E5A-4545-A597-8D9B4B02E759}.Release|Any CPU.ActiveCfg = Release|Any CPU
		{4E2E77B8-6E5A-4545-A597-8D9B4B02E759}.Release|Any CPU.Build.0 = Release|Any CPU
	EndGlobalSection
	GlobalSection(SolutionProperties) = preSolution
		HideSolutionNode = FALSE
	EndGlobalSection
	GlobalSection(ExtensibilityGlobals) = postSolution
		SolutionGuid = {FBCF91F5-9047-48D0-8271-AD5F0C553A18}
	EndGlobalSection
EndGlobal
